
Microsoft Visual Studio Solution File, Format Version 12.00
# Visual Studio Version 17
VisualStudioVersion = 17.0.31903.59
MinimumVisualStudioVersion = 10.0.40219.1
Project("{2150E333-8FDC-42A3-9474-1A3956D46DE8}") = "src", "src", "{827E0CD3-B72D-47B6-A68D-7590B98EB39B}"
EndProject
Project("{FAE04EC0-301F-11D3-BF4B-00C04F79EFBC}") = "Renting.Api", "src\Renting.Api\Renting.Api.csproj", "{4100C7FA-AB54-4A7B-AF50-13553A932F13}"
EndProject
Project("{FAE04EC0-301F-11D3-BF4B-00C04F79EFBC}") = "Renting.Application", "src\Renting.Application\Renting.Application.csproj", "{29565FC3-6D5C-4F79-A847-5DD4F502D480}"
EndProject
Project("{FAE04EC0-301F-11D3-BF4B-00C04F79EFBC}") = "Renting.Domain", "src\Renting.Domain\Renting.Domain.csproj", "{F9F66E7C-9B9B-4EE1-834F-54B640384B60}"
EndProject
Project("{FAE04EC0-301F-11D3-BF4B-00C04F79EFBC}") = "Renting.Infrastructure", "src\Renting.Infrastructure\Renting.Infrastructure.csproj", "{F18C15A7-C0C4-48D6-8531-AE836B8CD63D}"
EndProject
Project("{2150E333-8FDC-42A3-9474-1A3956D46DE8}") = "tests", "tests", "{0AB3BF05-4346-4AA6-1389-037BE0695223}"
EndProject
Project("{FAE04EC0-301F-11D3-BF4B-00C04F79EFBC}") = "Renting.Tests.Unit", "tests\Renting.Tests.Unit\Renting.Tests.Unit.csproj", "{380EA9C2-1F57-41F4-9B70-ED487548F272}"
EndProject
Project("{FAE04EC0-301F-11D3-BF4B-00C04F79EFBC}") = "Renting.Tests.Functional", "tests\Renting.Tests.Functional\Renting.Tests.Functional.csproj", "{6AA098E7-2514-44A3-80EA-63E091F8E605}"
EndProject
Project("{FAE04EC0-301F-11D3-BF4B-00C04F79EFBC}") = "Renting.Tests.Host", "tests\Renting.Tests.Host\Renting.Tests.Host.csproj", "{7AA9BE6D-9DC9-453C-BE84-A30FD6841CEA}"
EndProject
Global
	GlobalSection(SolutionConfigurationPlatforms) = preSolution
		Debug|Any CPU = Debug|Any CPU
		Debug|x64 = Debug|x64
		Debug|x86 = Debug|x86
		Release|Any CPU = Release|Any CPU
		Release|x64 = Release|x64
		Release|x86 = Release|x86
	EndGlobalSection
	GlobalSection(ProjectConfigurationPlatforms) = postSolution
		{4100C7FA-AB54-4A7B-AF50-13553A932F13}.Debug|Any CPU.ActiveCfg = Debug|Any CPU
		{4100C7FA-AB54-4A7B-AF50-13553A932F13}.Debug|Any CPU.Build.0 = Debug|Any CPU
		{4100C7FA-AB54-4A7B-AF50-13553A932F13}.Debug|x64.ActiveCfg = Debug|Any CPU
		{4100C7FA-AB54-4A7B-AF50-13553A932F13}.Debug|x64.Build.0 = Debug|Any CPU
		{4100C7FA-AB54-4A7B-AF50-13553A932F13}.Debug|x86.ActiveCfg = Debug|Any CPU
		{4100C7FA-AB54-4A7B-AF50-13553A932F13}.Debug|x86.Build.0 = Debug|Any CPU
		{4100C7FA-AB54-4A7B-AF50-13553A932F13}.Release|Any CPU.ActiveCfg = Release|Any CPU
		{4100C7FA-AB54-4A7B-AF50-13553A932F13}.Release|Any CPU.Build.0 = Release|Any CPU
		{4100C7FA-AB54-4A7B-AF50-13553A932F13}.Release|x64.ActiveCfg = Release|Any CPU
		{4100C7FA-AB54-4A7B-AF50-13553A932F13}.Release|x64.Build.0 = Release|Any CPU
		{4100C7FA-AB54-4A7B-AF50-13553A932F13}.Release|x86.ActiveCfg = Release|Any CPU
		{4100C7FA-AB54-4A7B-AF50-13553A932F13}.Release|x86.Build.0 = Release|Any CPU
		{29565FC3-6D5C-4F79-A847-5DD4F502D480}.Debug|Any CPU.ActiveCfg = Debug|Any CPU
		{29565FC3-6D5C-4F79-A847-5DD4F502D480}.Debug|Any CPU.Build.0 = Debug|Any CPU
		{29565FC3-6D5C-4F79-A847-5DD4F502D480}.Debug|x64.ActiveCfg = Debug|Any CPU
		{29565FC3-6D5C-4F79-A847-5DD4F502D480}.Debug|x64.Build.0 = Debug|Any CPU
		{29565FC3-6D5C-4F79-A847-5DD4F502D480}.Debug|x86.ActiveCfg = Debug|Any CPU
		{29565FC3-6D5C-4F79-A847-5DD4F502D480}.Debug|x86.Build.0 = Debug|Any CPU
		{29565FC3-6D5C-4F79-A847-5DD4F502D480}.Release|Any CPU.ActiveCfg = Release|Any CPU
		{29565FC3-6D5C-4F79-A847-5DD4F502D480}.Release|Any CPU.Build.0 = Release|Any CPU
		{29565FC3-6D5C-4F79-A847-5DD4F502D480}.Release|x64.ActiveCfg = Release|Any CPU
		{29565FC3-6D5C-4F79-A847-5DD4F502D480}.Release|x64.Build.0 = Release|Any CPU
		{29565FC3-6D5C-4F79-A847-5DD4F502D480}.Release|x86.ActiveCfg = Release|Any CPU
		{29565FC3-6D5C-4F79-A847-5DD4F502D480}.Release|x86.Build.0 = Release|Any CPU
		{F9F66E7C-9B9B-4EE1-834F-54B640384B60}.Debug|Any CPU.ActiveCfg = Debug|Any CPU
		{F9F66E7C-9B9B-4EE1-834F-54B640384B60}.Debug|Any CPU.Build.0 = Debug|Any CPU
		{F9F66E7C-9B9B-4EE1-834F-54B640384B60}.Debug|x64.ActiveCfg = Debug|Any CPU
		{F9F66E7C-9B9B-4EE1-834F-54B640384B60}.Debug|x64.Build.0 = Debug|Any CPU
		{F9F66E7C-9B9B-4EE1-834F-54B640384B60}.Debug|x86.ActiveCfg = Debug|Any CPU
		{F9F66E7C-9B9B-4EE1-834F-54B640384B60}.Debug|x86.Build.0 = Debug|Any CPU
		{F9F66E7C-9B9B-4EE1-834F-54B640384B60}.Release|Any CPU.ActiveCfg = Release|Any CPU
		{F9F66E7C-9B9B-4EE1-834F-54B640384B60}.Release|Any CPU.Build.0 = Release|Any CPU
		{F9F66E7C-9B9B-4EE1-834F-54B640384B60}.Release|x64.ActiveCfg = Release|Any CPU
		{F9F66E7C-9B9B-4EE1-834F-54B640384B60}.Release|x64.Build.0 = Release|Any CPU
		{F9F66E7C-9B9B-4EE1-834F-54B640384B60}.Release|x86.ActiveCfg = Release|Any CPU
		{F9F66E7C-9B9B-4EE1-834F-54B640384B60}.Release|x86.Build.0 = Release|Any CPU
		{F18C15A7-C0C4-48D6-8531-AE836B8CD63D}.Debug|Any CPU.ActiveCfg = Debug|Any CPU
		{F18C15A7-C0C4-48D6-8531-AE836B8CD63D}.Debug|Any CPU.Build.0 = Debug|Any CPU
		{F18C15A7-C0C4-48D6-8531-AE836B8CD63D}.Debug|x64.ActiveCfg = Debug|Any CPU
		{F18C15A7-C0C4-48D6-8531-AE836B8CD63D}.Debug|x64.Build.0 = Debug|Any CPU
		{F18C15A7-C0C4-48D6-8531-AE836B8CD63D}.Debug|x86.ActiveCfg = Debug|Any CPU
		{F18C15A7-C0C4-48D6-8531-AE836B8CD63D}.Debug|x86.Build.0 = Debug|Any CPU
		{F18C15A7-C0C4-48D6-8531-AE836B8CD63D}.Release|Any CPU.ActiveCfg = Release|Any CPU
		{F18C15A7-C0C4-48D6-8531-AE836B8CD63D}.Release|Any CPU.Build.0 = Release|Any CPU
		{F18C15A7-C0C4-48D6-8531-AE836B8CD63D}.Release|x64.ActiveCfg = Release|Any CPU
		{F18C15A7-C0C4-48D6-8531-AE836B8CD63D}.Release|x64.Build.0 = Release|Any CPU
		{F18C15A7-C0C4-48D6-8531-AE836B8CD63D}.Release|x86.ActiveCfg = Release|Any CPU
		{F18C15A7-C0C4-48D6-8531-AE836B8CD63D}.Release|x86.Build.0 = Release|Any CPU
		{380EA9C2-1F57-41F4-9B70-ED487548F272}.Debug|Any CPU.ActiveCfg = Debug|Any CPU
		{380EA9C2-1F57-41F4-9B70-ED487548F272}.Debug|Any CPU.Build.0 = Debug|Any CPU
		{380EA9C2-1F57-41F4-9B70-ED487548F272}.Debug|x64.ActiveCfg = Debug|Any CPU
		{380EA9C2-1F57-41F4-9B70-ED487548F272}.Debug|x64.Build.0 = Debug|Any CPU
		{380EA9C2-1F57-41F4-9B70-ED487548F272}.Debug|x86.ActiveCfg = Debug|Any CPU
		{380EA9C2-1F57-41F4-9B70-ED487548F272}.Debug|x86.Build.0 = Debug|Any CPU
		{380EA9C2-1F57-41F4-9B70-ED487548F272}.Release|Any CPU.ActiveCfg = Release|Any CPU
		{380EA9C2-1F57-41F4-9B70-ED487548F272}.Release|Any CPU.Build.0 = Release|Any CPU
		{380EA9C2-1F57-41F4-9B70-ED487548F272}.Release|x64.ActiveCfg = Release|Any CPU
		{380EA9C2-1F57-41F4-9B70-ED487548F272}.Release|x64.Build.0 = Release|Any CPU
		{380EA9C2-1F57-41F4-9B70-ED487548F272}.Release|x86.ActiveCfg = Release|Any CPU
		{380EA9C2-1F57-41F4-9B70-ED487548F272}.Release|x86.Build.0 = Release|Any CPU
		{6AA098E7-2514-44A3-80EA-63E091F8E605}.Debug|Any CPU.ActiveCfg = Debug|Any CPU
		{6AA098E7-2514-44A3-80EA-63E091F8E605}.Debug|Any CPU.Build.0 = Debug|Any CPU
		{6AA098E7-2514-44A3-80EA-63E091F8E605}.Debug|x64.ActiveCfg = Debug|Any CPU
		{6AA098E7-2514-44A3-80EA-63E091F8E605}.Debug|x64.Build.0 = Debug|Any CPU
		{6AA098E7-2514-44A3-80EA-63E091F8E605}.Debug|x86.ActiveCfg = Debug|Any CPU
		{6AA098E7-2514-44A3-80EA-63E091F8E605}.Debug|x86.Build.0 = Debug|Any CPU
		{6AA098E7-2514-44A3-80EA-63E091F8E605}.Release|Any CPU.ActiveCfg = Release|Any CPU
		{6AA098E7-2514-44A3-80EA-63E091F8E605}.Release|Any CPU.Build.0 = Release|Any CPU
		{6AA098E7-2514-44A3-80EA-63E091F8E605}.Release|x64.ActiveCfg = Release|Any CPU
		{6AA098E7-2514-44A3-80EA-63E091F8E605}.Release|x64.Build.0 = Release|Any CPU
		{6AA098E7-2514-44A3-80EA-63E091F8E605}.Release|x86.ActiveCfg = Release|Any CPU
		{6AA098E7-2514-44A3-80EA-63E091F8E605}.Release|x86.Build.0 = Release|Any CPU
		{7AA9BE6D-9DC9-453C-BE84-A30FD6841CEA}.Debug|Any CPU.ActiveCfg = Debug|Any CPU
		{7AA9BE6D-9DC9-453C-BE84-A30FD6841CEA}.Debug|Any CPU.Build.0 = Debug|Any CPU
		{7AA9BE6D-9DC9-453C-BE84-A30FD6841CEA}.Debug|x64.ActiveCfg = Debug|Any CPU
		{7AA9BE6D-9DC9-453C-BE84-A30FD6841CEA}.Debug|x64.Build.0 = Debug|Any CPU
		{7AA9BE6D-9DC9-453C-BE84-A30FD6841CEA}.Debug|x86.ActiveCfg = Debug|Any CPU
		{7AA9BE6D-9DC9-453C-BE84-A30FD6841CEA}.Debug|x86.Build.0 = Debug|Any CPU
		{7AA9BE6D-9DC9-453C-BE84-A30FD6841CEA}.Release|Any CPU.ActiveCfg = Release|Any CPU
		{7AA9BE6D-9DC9-453C-BE84-A30FD6841CEA}.Release|Any CPU.Build.0 = Release|Any CPU
		{7AA9BE6D-9DC9-453C-BE84-A30FD6841CEA}.Release|x64.ActiveCfg = Release|Any CPU
		{7AA9BE6D-9DC9-453C-BE84-A30FD6841CEA}.Release|x64.Build.0 = Release|Any CPU
		{7AA9BE6D-9DC9-453C-BE84-A30FD6841CEA}.Release|x86.ActiveCfg = Release|Any CPU
		{7AA9BE6D-9DC9-453C-BE84-A30FD6841CEA}.Release|x86.Build.0 = Release|Any CPU
	EndGlobalSection
	GlobalSection(SolutionProperties) = preSolution
		HideSolutionNode = FALSE
	EndGlobalSection
	GlobalSection(NestedProjects) = preSolution
		{4100C7FA-AB54-4A7B-AF50-13553A932F13} = {827E0CD3-B72D-47B6-A68D-7590B98EB39B}
		{29565FC3-6D5C-4F79-A847-5DD4F502D480} = {827E0CD3-B72D-47B6-A68D-7590B98EB39B}
		{F9F66E7C-9B9B-4EE1-834F-54B640384B60} = {827E0CD3-B72D-47B6-A68D-7590B98EB39B}
		{F18C15A7-C0C4-48D6-8531-AE836B8CD63D} = {827E0CD3-B72D-47B6-A68D-7590B98EB39B}
		{380EA9C2-1F57-41F4-9B70-ED487548F272} = {0AB3BF05-4346-4AA6-1389-037BE0695223}
		{6AA098E7-2514-44A3-80EA-63E091F8E605} = {0AB3BF05-4346-4AA6-1389-037BE0695223}
		{7AA9BE6D-9DC9-453C-BE84-A30FD6841CEA} = {0AB3BF05-4346-4AA6-1389-037BE0695223}
	EndGlobalSection
EndGlobal
